
Microsoft Visual Studio Solution File, Format Version 12.00
# Visual Studio Version 17
VisualStudioVersion = 17.4.33205.214
MinimumVisualStudioVersion = 10.0.40219.1
Project("{FAE04EC0-301F-11D3-BF4B-00C04F79EFBC}") = "GaussianBlur", "GaussianBlur\GaussianBlur.csproj", "{9B239629-AF01-47A5-AAD1-C94F0B6E4A6A}"
EndProject
Project("{FAE04EC0-301F-11D3-BF4B-00C04F79EFBC}") = "GaussianBlurImplementator", "GaussianBlurImplementator\GaussianBlurImplementator.csproj", "{1F445FA1-AD3C-4CF7-BD22-5FC6DB4846B2}"
EndProject
Global
	GlobalSection(SolutionConfigurationPlatforms) = preSolution
		Debug|Any CPU = Debug|Any CPU
		Release|Any CPU = Release|Any CPU
	EndGlobalSection
	GlobalSection(ProjectConfigurationPlatforms) = postSolution
		{9B239629-AF01-47A5-AAD1-C94F0B6E4A6A}.Debug|Any CPU.ActiveCfg = Debug|Any CPU
		{9B239629-AF01-47A5-AAD1-C94F0B6E4A6A}.Debug|Any CPU.Build.0 = Debug|Any CPU
		{9B239629-AF01-47A5-AAD1-C94F0B6E4A6A}.Release|Any CPU.ActiveCfg = Release|Any CPU
		{9B239629-AF01-47A5-AAD1-C94F0B6E4A6A}.Release|Any CPU.Build.0 = Release|Any CPU
		{1F445FA1-AD3C-4CF7-BD22-5FC6DB4846B2}.Debug|Any CPU.ActiveCfg = Debug|Any CPU
		{1F445FA1-AD3C-4CF7-BD22-5FC6DB4846B2}.Debug|Any CPU.Build.0 = Debug|Any CPU
		{1F445FA1-AD3C-4CF7-BD22-5FC6DB4846B2}.Release|Any CPU.ActiveCfg = Release|Any CPU
		{1F445FA1-AD3C-4CF7-BD22-5FC6DB4846B2}.Release|Any CPU.Build.0 = Release|Any CPU
	EndGlobalSection
	GlobalSection(SolutionProperties) = preSolution
		HideSolutionNode = FALSE
	EndGlobalSection
	GlobalSection(ExtensibilityGlobals) = postSolution
		SolutionGuid = {1EAD8822-C5D8-4502-A5E2-7DA27B78C72E}
	EndGlobalSection
EndGlobal
